
Microsoft Visual Studio Solution File, Format Version 12.00
# Visual Studio Version 17
VisualStudioVersion = 17.5.33516.290
MinimumVisualStudioVersion = 10.0.40219.1
Project("{FAE04EC0-301F-11D3-BF4B-00C04F79EFBC}") = "PracticaParcial", "PracticaParcial\PracticaParcial.csproj", "{54951378-C593-4B50-9989-275BA2962A89}"
EndProject
Global
	GlobalSection(SolutionConfigurationPlatforms) = preSolution
		Debug|Any CPU = Debug|Any CPU
		Release|Any CPU = Release|Any CPU
	EndGlobalSection
	GlobalSection(ProjectConfigurationPlatforms) = postSolution
		{54951378-C593-4B50-9989-275BA2962A89}.Debug|Any CPU.ActiveCfg = Debug|Any CPU
		{54951378-C593-4B50-9989-275BA2962A89}.Debug|Any CPU.Build.0 = Debug|Any CPU
		{54951378-C593-4B50-9989-275BA2962A89}.Release|Any CPU.ActiveCfg = Release|Any CPU
		{54951378-C593-4B50-9989-275BA2962A89}.Release|Any CPU.Build.0 = Release|Any CPU
	EndGlobalSection
	GlobalSection(SolutionProperties) = preSolution
		HideSolutionNode = FALSE
	EndGlobalSection
	GlobalSection(ExtensibilityGlobals) = postSolution
		SolutionGuid = {115C96B5-1F96-4CE4-9593-C68738A155FB}
	EndGlobalSection
EndGlobal
