
Microsoft Visual Studio Solution File, Format Version 12.00
# Visual Studio Version 17
VisualStudioVersion = 17.5.33516.290
MinimumVisualStudioVersion = 10.0.40219.1
Project("{9A19103F-16F7-4668-BE54-9A1E7A4F7556}") = "EjercicioRepaso", "EjercicioRepaso\EjercicioRepaso.csproj", "{7E900038-AF81-4DB5-9491-5EB4FA20C1B1}"
EndProject
Project("{FAE04EC0-301F-11D3-BF4B-00C04F79EFBC}") = "Entidades", "Entidades\Entidades.csproj", "{CEA23D74-5806-402E-A59A-F69A41BCD8A7}"
EndProject
Global
	GlobalSection(SolutionConfigurationPlatforms) = preSolution
		Debug|Any CPU = Debug|Any CPU
		Release|Any CPU = Release|Any CPU
	EndGlobalSection
	GlobalSection(ProjectConfigurationPlatforms) = postSolution
		{7E900038-AF81-4DB5-9491-5EB4FA20C1B1}.Debug|Any CPU.ActiveCfg = Debug|Any CPU
		{7E900038-AF81-4DB5-9491-5EB4FA20C1B1}.Debug|Any CPU.Build.0 = Debug|Any CPU
		{7E900038-AF81-4DB5-9491-5EB4FA20C1B1}.Release|Any CPU.ActiveCfg = Release|Any CPU
		{7E900038-AF81-4DB5-9491-5EB4FA20C1B1}.Release|Any CPU.Build.0 = Release|Any CPU
		{CEA23D74-5806-402E-A59A-F69A41BCD8A7}.Debug|Any CPU.ActiveCfg = Debug|Any CPU
		{CEA23D74-5806-402E-A59A-F69A41BCD8A7}.Debug|Any CPU.Build.0 = Debug|Any CPU
		{CEA23D74-5806-402E-A59A-F69A41BCD8A7}.Release|Any CPU.ActiveCfg = Release|Any CPU
		{CEA23D74-5806-402E-A59A-F69A41BCD8A7}.Release|Any CPU.Build.0 = Release|Any CPU
	EndGlobalSection
	GlobalSection(SolutionProperties) = preSolution
		HideSolutionNode = FALSE
	EndGlobalSection
	GlobalSection(ExtensibilityGlobals) = postSolution
		SolutionGuid = {499E69BF-D929-4DF5-A5A2-8EBC325E0827}
	EndGlobalSection
EndGlobal
